
Microsoft Visual Studio Solution File, Format Version 12.00
Project("{FAE04EC0-301F-11D3-BF4B-00C04F79EFBC}") = "Mission8-Team", "Mission8-Team\Mission8-Team.csproj", "{FD4E333B-AE22-4EF6-9AA0-C7A6EE7AF52A}"
EndProject
Global
	GlobalSection(SolutionConfigurationPlatforms) = preSolution
		Debug|Any CPU = Debug|Any CPU
		Release|Any CPU = Release|Any CPU
	EndGlobalSection
	GlobalSection(ProjectConfigurationPlatforms) = postSolution
		{FD4E333B-AE22-4EF6-9AA0-C7A6EE7AF52A}.Debug|Any CPU.ActiveCfg = Debug|Any CPU
		{FD4E333B-AE22-4EF6-9AA0-C7A6EE7AF52A}.Debug|Any CPU.Build.0 = Debug|Any CPU
		{FD4E333B-AE22-4EF6-9AA0-C7A6EE7AF52A}.Release|Any CPU.ActiveCfg = Release|Any CPU
		{FD4E333B-AE22-4EF6-9AA0-C7A6EE7AF52A}.Release|Any CPU.Build.0 = Release|Any CPU
	EndGlobalSection
EndGlobal
